
Microsoft Visual Studio Solution File, Format Version 12.00
# Visual Studio Version 17
VisualStudioVersion = 17.0.31912.275
MinimumVisualStudioVersion = 10.0.40219.1
Project("{FAE04EC0-301F-11D3-BF4B-00C04F79EFBC}") = "Interfaces", "Interfaces\Interfaces.csproj", "{4C43AE30-825E-40CB-A620-78EA5129BA4D}"
EndProject
Project("{FAE04EC0-301F-11D3-BF4B-00C04F79EFBC}") = "InterfacesContinue", "InterfacesContinue\InterfacesContinue.csproj", "{0CB8F926-0652-44A2-B6BB-43D1EBD3594A}"
EndProject
Project("{FAE04EC0-301F-11D3-BF4B-00C04F79EFBC}") = "InterfacesDemo1", "InterfacesDemo1\InterfacesDemo1.csproj", "{03776CD5-11FB-40E9-9373-DA0180D52D65}"
EndProject
Global
	GlobalSection(SolutionConfigurationPlatforms) = preSolution
		Debug|Any CPU = Debug|Any CPU
		Release|Any CPU = Release|Any CPU
	EndGlobalSection
	GlobalSection(ProjectConfigurationPlatforms) = postSolution
		{4C43AE30-825E-40CB-A620-78EA5129BA4D}.Debug|Any CPU.ActiveCfg = Debug|Any CPU
		{4C43AE30-825E-40CB-A620-78EA5129BA4D}.Debug|Any CPU.Build.0 = Debug|Any CPU
		{4C43AE30-825E-40CB-A620-78EA5129BA4D}.Release|Any CPU.ActiveCfg = Release|Any CPU
		{4C43AE30-825E-40CB-A620-78EA5129BA4D}.Release|Any CPU.Build.0 = Release|Any CPU
		{0CB8F926-0652-44A2-B6BB-43D1EBD3594A}.Debug|Any CPU.ActiveCfg = Debug|Any CPU
		{0CB8F926-0652-44A2-B6BB-43D1EBD3594A}.Debug|Any CPU.Build.0 = Debug|Any CPU
		{0CB8F926-0652-44A2-B6BB-43D1EBD3594A}.Release|Any CPU.ActiveCfg = Release|Any CPU
		{0CB8F926-0652-44A2-B6BB-43D1EBD3594A}.Release|Any CPU.Build.0 = Release|Any CPU
		{03776CD5-11FB-40E9-9373-DA0180D52D65}.Debug|Any CPU.ActiveCfg = Debug|Any CPU
		{03776CD5-11FB-40E9-9373-DA0180D52D65}.Debug|Any CPU.Build.0 = Debug|Any CPU
		{03776CD5-11FB-40E9-9373-DA0180D52D65}.Release|Any CPU.ActiveCfg = Release|Any CPU
		{03776CD5-11FB-40E9-9373-DA0180D52D65}.Release|Any CPU.Build.0 = Release|Any CPU
	EndGlobalSection
	GlobalSection(SolutionProperties) = preSolution
		HideSolutionNode = FALSE
	EndGlobalSection
	GlobalSection(ExtensibilityGlobals) = postSolution
		SolutionGuid = {89836243-CDF5-4475-AA37-480E0E06CEB5}
	EndGlobalSection
EndGlobal
